// !$*UTF8*$!
{
	archiveVersion = 1;
	classes = {
	};
	objectVersion = 56;
	objects = {

/* Begin PBXBuildFile section */
		B21EB3102B26B1B9009E5F27 /* SurveyViewModelTests.swift in Sources */ = {isa = PBXBuildFile; fileRef = B21EB30F2B26B1B9009E5F27 /* SurveyViewModelTests.swift */; };
		B21EB3172B276726009E5F27 /* MockSurveyService.swift in Sources */ = {isa = PBXBuildFile; fileRef = B21EB3162B276726009E5F27 /* MockSurveyService.swift */; };
		B21EB3182B278645009E5F27 /* MockSurveyService.swift in Sources */ = {isa = PBXBuildFile; fileRef = B21EB3162B276726009E5F27 /* MockSurveyService.swift */; };
		B23876762B20E77300982071 /* SurveyAppApp.swift in Sources */ = {isa = PBXBuildFile; fileRef = B23876752B20E77300982071 /* SurveyAppApp.swift */; };
		B238767A2B20E77400982071 /* Assets.xcassets in Resources */ = {isa = PBXBuildFile; fileRef = B23876792B20E77400982071 /* Assets.xcassets */; };
		B238767E2B20E77400982071 /* Preview Assets.xcassets in Resources */ = {isa = PBXBuildFile; fileRef = B238767D2B20E77400982071 /* Preview Assets.xcassets */; };
		B23876882B20E77500982071 /* SurveyAppTests.swift in Sources */ = {isa = PBXBuildFile; fileRef = B23876872B20E77500982071 /* SurveyAppTests.swift */; };
		B23876922B20E77500982071 /* SurveyAppUITests.swift in Sources */ = {isa = PBXBuildFile; fileRef = B23876912B20E77500982071 /* SurveyAppUITests.swift */; };
		B23876942B20E77500982071 /* SurveyAppUITestsLaunchTests.swift in Sources */ = {isa = PBXBuildFile; fileRef = B23876932B20E77500982071 /* SurveyAppUITestsLaunchTests.swift */; };
		B23876A52B20E7F200982071 /* InitialScreen.swift in Sources */ = {isa = PBXBuildFile; fileRef = B23876A42B20E7F200982071 /* InitialScreen.swift */; };
		B23876A72B20E81200982071 /* QuestionScreen.swift in Sources */ = {isa = PBXBuildFile; fileRef = B23876A62B20E81200982071 /* QuestionScreen.swift */; };
		B23876A92B20E82E00982071 /* SubmitResultView.swift in Sources */ = {isa = PBXBuildFile; fileRef = B23876A82B20E82E00982071 /* SubmitResultView.swift */; };
		B23876AD2B20E86500982071 /* SurveyViewModel.swift in Sources */ = {isa = PBXBuildFile; fileRef = B23876AC2B20E86500982071 /* SurveyViewModel.swift */; };
		B23876AF2B20E88200982071 /* SurveyService.swift in Sources */ = {isa = PBXBuildFile; fileRef = B23876AE2B20E88200982071 /* SurveyService.swift */; };
		B23876B12B20E8A000982071 /* Question.swift in Sources */ = {isa = PBXBuildFile; fileRef = B23876B02B20E8A000982071 /* Question.swift */; };
/* End PBXBuildFile section */

/* Begin PBXContainerItemProxy section */
		B23876842B20E77500982071 /* PBXContainerItemProxy */ = {
			isa = PBXContainerItemProxy;
			containerPortal = B238766A2B20E77300982071 /* Project object */;
			proxyType = 1;
			remoteGlobalIDString = B23876712B20E77300982071;
			remoteInfo = SurveyApp;
		};
		B238768E2B20E77500982071 /* PBXContainerItemProxy */ = {
			isa = PBXContainerItemProxy;
			containerPortal = B238766A2B20E77300982071 /* Project object */;
			proxyType = 1;
			remoteGlobalIDString = B23876712B20E77300982071;
			remoteInfo = SurveyApp;
		};
/* End PBXContainerItemProxy section */

/* Begin PBXFileReference section */
		B21EB30F2B26B1B9009E5F27 /* SurveyViewModelTests.swift */ = {isa = PBXFileReference; lastKnownFileType = sourcecode.swift; path = SurveyViewModelTests.swift; sourceTree = "<group>"; };
		B21EB3162B276726009E5F27 /* MockSurveyService.swift */ = {isa = PBXFileReference; lastKnownFileType = sourcecode.swift; path = MockSurveyService.swift; sourceTree = "<group>"; };
		B23876722B20E77300982071 /* SurveyApp.app */ = {isa = PBXFileReference; explicitFileType = wrapper.application; includeInIndex = 0; path = SurveyApp.app; sourceTree = BUILT_PRODUCTS_DIR; };
		B23876752B20E77300982071 /* SurveyAppApp.swift */ = {isa = PBXFileReference; lastKnownFileType = sourcecode.swift; path = SurveyAppApp.swift; sourceTree = "<group>"; };
		B23876792B20E77400982071 /* Assets.xcassets */ = {isa = PBXFileReference; lastKnownFileType = folder.assetcatalog; path = Assets.xcassets; sourceTree = "<group>"; };
		B238767B2B20E77400982071 /* SurveyApp.entitlements */ = {isa = PBXFileReference; lastKnownFileType = text.plist.entitlements; path = SurveyApp.entitlements; sourceTree = "<group>"; };
		B238767D2B20E77400982071 /* Preview Assets.xcassets */ = {isa = PBXFileReference; lastKnownFileType = folder.assetcatalog; path = "Preview Assets.xcassets"; sourceTree = "<group>"; };
		B23876832B20E77500982071 /* SurveyAppTests.xctest */ = {isa = PBXFileReference; explicitFileType = wrapper.cfbundle; includeInIndex = 0; path = SurveyAppTests.xctest; sourceTree = BUILT_PRODUCTS_DIR; };
		B23876872B20E77500982071 /* SurveyAppTests.swift */ = {isa = PBXFileReference; lastKnownFileType = sourcecode.swift; path = SurveyAppTests.swift; sourceTree = "<group>"; };
		B238768D2B20E77500982071 /* SurveyAppUITests.xctest */ = {isa = PBXFileReference; explicitFileType = wrapper.cfbundle; includeInIndex = 0; path = SurveyAppUITests.xctest; sourceTree = BUILT_PRODUCTS_DIR; };
		B23876912B20E77500982071 /* SurveyAppUITests.swift */ = {isa = PBXFileReference; lastKnownFileType = sourcecode.swift; path = SurveyAppUITests.swift; sourceTree = "<group>"; };
		B23876932B20E77500982071 /* SurveyAppUITestsLaunchTests.swift */ = {isa = PBXFileReference; lastKnownFileType = sourcecode.swift; path = SurveyAppUITestsLaunchTests.swift; sourceTree = "<group>"; };
		B23876A42B20E7F200982071 /* InitialScreen.swift */ = {isa = PBXFileReference; lastKnownFileType = sourcecode.swift; path = InitialScreen.swift; sourceTree = "<group>"; };
		B23876A62B20E81200982071 /* QuestionScreen.swift */ = {isa = PBXFileReference; lastKnownFileType = sourcecode.swift; path = QuestionScreen.swift; sourceTree = "<group>"; };
		B23876A82B20E82E00982071 /* SubmitResultView.swift */ = {isa = PBXFileReference; lastKnownFileType = sourcecode.swift; path = SubmitResultView.swift; sourceTree = "<group>"; };
		B23876AC2B20E86500982071 /* SurveyViewModel.swift */ = {isa = PBXFileReference; lastKnownFileType = sourcecode.swift; path = SurveyViewModel.swift; sourceTree = "<group>"; };
		B23876AE2B20E88200982071 /* SurveyService.swift */ = {isa = PBXFileReference; lastKnownFileType = sourcecode.swift; path = SurveyService.swift; sourceTree = "<group>"; };
		B23876B02B20E8A000982071 /* Question.swift */ = {isa = PBXFileReference; lastKnownFileType = sourcecode.swift; path = Question.swift; sourceTree = "<group>"; };
/* End PBXFileReference section */

/* Begin PBXFrameworksBuildPhase section */
		B238766F2B20E77300982071 /* Frameworks */ = {
			isa = PBXFrameworksBuildPhase;
			buildActionMask = 2147483647;
			files = (
			);
			runOnlyForDeploymentPostprocessing = 0;
		};
		B23876802B20E77500982071 /* Frameworks */ = {
			isa = PBXFrameworksBuildPhase;
			buildActionMask = 2147483647;
			files = (
			);
			runOnlyForDeploymentPostprocessing = 0;
		};
		B238768A2B20E77500982071 /* Frameworks */ = {
			isa = PBXFrameworksBuildPhase;
			buildActionMask = 2147483647;
			files = (
			);
			runOnlyForDeploymentPostprocessing = 0;
		};
/* End PBXFrameworksBuildPhase section */

/* Begin PBXGroup section */
		B23876692B20E77300982071 = {
			isa = PBXGroup;
			children = (
				B23876742B20E77300982071 /* SurveyApp */,
				B23876862B20E77500982071 /* SurveyAppTests */,
				B23876902B20E77500982071 /* SurveyAppUITests */,
				B23876732B20E77300982071 /* Products */,
			);
			sourceTree = "<group>";
		};
		B23876732B20E77300982071 /* Products */ = {
			isa = PBXGroup;
			children = (
				B23876722B20E77300982071 /* SurveyApp.app */,
				B23876832B20E77500982071 /* SurveyAppTests.xctest */,
				B238768D2B20E77500982071 /* SurveyAppUITests.xctest */,
			);
			name = Products;
			sourceTree = "<group>";
		};
		B23876742B20E77300982071 /* SurveyApp */ = {
			isa = PBXGroup;
			children = (
				B23876A32B20E7C400982071 /* Views */,
				B23876A22B20E7B900982071 /* Survey */,
				B23876A12B20E7AC00982071 /* Network */,
				B23876A02B20E79B00982071 /* Models */,
				B23876752B20E77300982071 /* SurveyAppApp.swift */,
				B23876792B20E77400982071 /* Assets.xcassets */,
				B238767B2B20E77400982071 /* SurveyApp.entitlements */,
				B238767C2B20E77400982071 /* Preview Content */,
			);
			path = SurveyApp;
			sourceTree = "<group>";
		};
		B238767C2B20E77400982071 /* Preview Content */ = {
			isa = PBXGroup;
			children = (
				B238767D2B20E77400982071 /* Preview Assets.xcassets */,
			);
			path = "Preview Content";
			sourceTree = "<group>";
		};
		B23876862B20E77500982071 /* SurveyAppTests */ = {
			isa = PBXGroup;
			children = (
				B23876872B20E77500982071 /* SurveyAppTests.swift */,
				B21EB30F2B26B1B9009E5F27 /* SurveyViewModelTests.swift */,
				B21EB3162B276726009E5F27 /* MockSurveyService.swift */,
			);
			path = SurveyAppTests;
			sourceTree = "<group>";
		};
		B23876902B20E77500982071 /* SurveyAppUITests */ = {
			isa = PBXGroup;
			children = (
				B23876912B20E77500982071 /* SurveyAppUITests.swift */,
				B23876932B20E77500982071 /* SurveyAppUITestsLaunchTests.swift */,
			);
			path = SurveyAppUITests;
			sourceTree = "<group>";
		};
		B23876A02B20E79B00982071 /* Models */ = {
			isa = PBXGroup;
			children = (
				B23876B02B20E8A000982071 /* Question.swift */,
			);
			path = Models;
			sourceTree = "<group>";
		};
		B23876A12B20E7AC00982071 /* Network */ = {
			isa = PBXGroup;
			children = (
				B23876AE2B20E88200982071 /* SurveyService.swift */,
			);
			path = Network;
			sourceTree = "<group>";
		};
		B23876A22B20E7B900982071 /* Survey */ = {
			isa = PBXGroup;
			children = (
				B23876AC2B20E86500982071 /* SurveyViewModel.swift */,
			);
			path = Survey;
			sourceTree = "<group>";
		};
		B23876A32B20E7C400982071 /* Views */ = {
			isa = PBXGroup;
			children = (
				B23876A42B20E7F200982071 /* InitialScreen.swift */,
				B23876A62B20E81200982071 /* QuestionScreen.swift */,
				B23876A82B20E82E00982071 /* SubmitResultView.swift */,
			);
			path = Views;
			sourceTree = "<group>";
		};
/* End PBXGroup section */

/* Begin PBXNativeTarget section */
		B23876712B20E77300982071 /* SurveyApp */ = {
			isa = PBXNativeTarget;
			buildConfigurationList = B23876972B20E77500982071 /* Build configuration list for PBXNativeTarget "SurveyApp" */;
			buildPhases = (
				B238766E2B20E77300982071 /* Sources */,
				B238766F2B20E77300982071 /* Frameworks */,
				B23876702B20E77300982071 /* Resources */,
			);
			buildRules = (
			);
			dependencies = (
			);
			name = SurveyApp;
			productName = SurveyApp;
			productReference = B23876722B20E77300982071 /* SurveyApp.app */;
			productType = "com.apple.product-type.application";
		};
		B23876822B20E77500982071 /* SurveyAppTests */ = {
			isa = PBXNativeTarget;
			buildConfigurationList = B238769A2B20E77500982071 /* Build configuration list for PBXNativeTarget "SurveyAppTests" */;
			buildPhases = (
				B238767F2B20E77500982071 /* Sources */,
				B23876802B20E77500982071 /* Frameworks */,
				B23876812B20E77500982071 /* Resources */,
			);
			buildRules = (
			);
			dependencies = (
				B23876852B20E77500982071 /* PBXTargetDependency */,
			);
			name = SurveyAppTests;
			productName = SurveyAppTests;
			productReference = B23876832B20E77500982071 /* SurveyAppTests.xctest */;
			productType = "com.apple.product-type.bundle.unit-test";
		};
		B238768C2B20E77500982071 /* SurveyAppUITests */ = {
			isa = PBXNativeTarget;
			buildConfigurationList = B238769D2B20E77500982071 /* Build configuration list for PBXNativeTarget "SurveyAppUITests" */;
			buildPhases = (
				B23876892B20E77500982071 /* Sources */,
				B238768A2B20E77500982071 /* Frameworks */,
				B238768B2B20E77500982071 /* Resources */,
			);
			buildRules = (
			);
			dependencies = (
				B238768F2B20E77500982071 /* PBXTargetDependency */,
			);
			name = SurveyAppUITests;
			productName = SurveyAppUITests;
			productReference = B238768D2B20E77500982071 /* SurveyAppUITests.xctest */;
			productType = "com.apple.product-type.bundle.ui-testing";
		};
/* End PBXNativeTarget section */

/* Begin PBXProject section */
		B238766A2B20E77300982071 /* Project object */ = {
			isa = PBXProject;
			attributes = {
				BuildIndependentTargetsInParallel = 1;
				LastSwiftUpdateCheck = 1510;
				LastUpgradeCheck = 1510;
				TargetAttributes = {
					B23876712B20E77300982071 = {
						CreatedOnToolsVersion = 15.1;
					};
					B23876822B20E77500982071 = {
						CreatedOnToolsVersion = 15.1;
						TestTargetID = B23876712B20E77300982071;
					};
					B238768C2B20E77500982071 = {
						CreatedOnToolsVersion = 15.1;
						TestTargetID = B23876712B20E77300982071;
					};
				};
			};
			buildConfigurationList = B238766D2B20E77300982071 /* Build configuration list for PBXProject "SurveyApp" */;
			compatibilityVersion = "Xcode 14.0";
			developmentRegion = en;
			hasScannedForEncodings = 0;
			knownRegions = (
				en,
				Base,
			);
			mainGroup = B23876692B20E77300982071;
			productRefGroup = B23876732B20E77300982071 /* Products */;
			projectDirPath = "";
			projectRoot = "";
			targets = (
				B23876712B20E77300982071 /* SurveyApp */,
				B23876822B20E77500982071 /* SurveyAppTests */,
				B238768C2B20E77500982071 /* SurveyAppUITests */,
			);
		};
/* End PBXProject section */

/* Begin PBXResourcesBuildPhase section */
		B23876702B20E77300982071 /* Resources */ = {
			isa = PBXResourcesBuildPhase;
			buildActionMask = 2147483647;
			files = (
				B238767E2B20E77400982071 /* Preview Assets.xcassets in Resources */,
				B238767A2B20E77400982071 /* Assets.xcassets in Resources */,
			);
			runOnlyForDeploymentPostprocessing = 0;
		};
		B23876812B20E77500982071 /* Resources */ = {
			isa = PBXResourcesBuildPhase;
			buildActionMask = 2147483647;
			files = (
			);
			runOnlyForDeploymentPostprocessing = 0;
		};
		B238768B2B20E77500982071 /* Resources */ = {
			isa = PBXResourcesBuildPhase;
			buildActionMask = 2147483647;
			files = (
			);
			runOnlyForDeploymentPostprocessing = 0;
		};
/* End PBXResourcesBuildPhase section */

/* Begin PBXSourcesBuildPhase section */
		B238766E2B20E77300982071 /* Sources */ = {
			isa = PBXSourcesBuildPhase;
			buildActionMask = 2147483647;
			files = (
				B23876AD2B20E86500982071 /* SurveyViewModel.swift in Sources */,
				B23876B12B20E8A000982071 /* Question.swift in Sources */,
				B23876A52B20E7F200982071 /* InitialScreen.swift in Sources */,
				B21EB3182B278645009E5F27 /* MockSurveyService.swift in Sources */,
				B23876A92B20E82E00982071 /* SubmitResultView.swift in Sources */,
				B23876762B20E77300982071 /* SurveyAppApp.swift in Sources */,
				B23876A72B20E81200982071 /* QuestionScreen.swift in Sources */,
				B23876AF2B20E88200982071 /* SurveyService.swift in Sources */,
			);
			runOnlyForDeploymentPostprocessing = 0;
		};
		B238767F2B20E77500982071 /* Sources */ = {
			isa = PBXSourcesBuildPhase;
			buildActionMask = 2147483647;
			files = (
				B21EB3102B26B1B9009E5F27 /* SurveyViewModelTests.swift in Sources */,
				B23876882B20E77500982071 /* SurveyAppTests.swift in Sources */,
				B21EB3172B276726009E5F27 /* MockSurveyService.swift in Sources */,
			);
			runOnlyForDeploymentPostprocessing = 0;
		};
		B23876892B20E77500982071 /* Sources */ = {
			isa = PBXSourcesBuildPhase;
			buildActionMask = 2147483647;
			files = (
				B23876942B20E77500982071 /* SurveyAppUITestsLaunchTests.swift in Sources */,
				B23876922B20E77500982071 /* SurveyAppUITests.swift in Sources */,
			);
			runOnlyForDeploymentPostprocessing = 0;
		};
/* End PBXSourcesBuildPhase section */

/* Begin PBXTargetDependency section */
		B23876852B20E77500982071 /* PBXTargetDependency */ = {
			isa = PBXTargetDependency;
			target = B23876712B20E77300982071 /* SurveyApp */;
			targetProxy = B23876842B20E77500982071 /* PBXContainerItemProxy */;
		};
		B238768F2B20E77500982071 /* PBXTargetDependency */ = {
			isa = PBXTargetDependency;
			target = B23876712B20E77300982071 /* SurveyApp */;
			targetProxy = B238768E2B20E77500982071 /* PBXContainerItemProxy */;
		};
/* End PBXTargetDependency section */

/* Begin XCBuildConfiguration section */
		B23876952B20E77500982071 /* Debug */ = {
			isa = XCBuildConfiguration;
			buildSettings = {
				ALWAYS_SEARCH_USER_PATHS = NO;
				ASSETCATALOG_COMPILER_GENERATE_SWIFT_ASSET_SYMBOL_EXTENSIONS = YES;
				CLANG_ANALYZER_NONNULL = YES;
				CLANG_ANALYZER_NUMBER_OBJECT_CONVERSION = YES_AGGRESSIVE;
				CLANG_CXX_LANGUAGE_STANDARD = "gnu++20";
				CLANG_ENABLE_MODULES = YES;
				CLANG_ENABLE_OBJC_ARC = YES;
				CLANG_ENABLE_OBJC_WEAK = YES;
				CLANG_WARN_BLOCK_CAPTURE_AUTORELEASING = YES;
				CLANG_WARN_BOOL_CONVERSION = YES;
				CLANG_WARN_COMMA = YES;
				CLANG_WARN_CONSTANT_CONVERSION = YES;
				CLANG_WARN_DEPRECATED_OBJC_IMPLEMENTATIONS = YES;
				CLANG_WARN_DIRECT_OBJC_ISA_USAGE = YES_ERROR;
				CLANG_WARN_DOCUMENTATION_COMMENTS = YES;
				CLANG_WARN_EMPTY_BODY = YES;
				CLANG_WARN_ENUM_CONVERSION = YES;
				CLANG_WARN_INFINITE_RECURSION = YES;
				CLANG_WARN_INT_CONVERSION = YES;
				CLANG_WARN_NON_LITERAL_NULL_CONVERSION = YES;
				CLANG_WARN_OBJC_IMPLICIT_RETAIN_SELF = YES;
				CLANG_WARN_OBJC_LITERAL_CONVERSION = YES;
				CLANG_WARN_OBJC_ROOT_CLASS = YES_ERROR;
				CLANG_WARN_QUOTED_INCLUDE_IN_FRAMEWORK_HEADER = YES;
				CLANG_WARN_RANGE_LOOP_ANALYSIS = YES;
				CLANG_WARN_STRICT_PROTOTYPES = YES;
				CLANG_WARN_SUSPICIOUS_MOVE = YES;
				CLANG_WARN_UNGUARDED_AVAILABILITY = YES_AGGRESSIVE;
				CLANG_WARN_UNREACHABLE_CODE = YES;
				CLANG_WARN__DUPLICATE_METHOD_MATCH = YES;
				COPY_PHASE_STRIP = NO;
				DEBUG_INFORMATION_FORMAT = dwarf;
				ENABLE_STRICT_OBJC_MSGSEND = YES;
				ENABLE_TESTABILITY = YES;
				ENABLE_USER_SCRIPT_SANDBOXING = YES;
				GCC_C_LANGUAGE_STANDARD = gnu17;
				GCC_DYNAMIC_NO_PIC = NO;
				GCC_NO_COMMON_BLOCKS = YES;
				GCC_OPTIMIZATION_LEVEL = 0;
				GCC_PREPROCESSOR_DEFINITIONS = (
					"DEBUG=1",
					"$(inherited)",
				);
				GCC_WARN_64_TO_32_BIT_CONVERSION = YES;
				GCC_WARN_ABOUT_RETURN_TYPE = YES_ERROR;
				GCC_WARN_UNDECLARED_SELECTOR = YES;
				GCC_WARN_UNINITIALIZED_AUTOS = YES_AGGRESSIVE;
				GCC_WARN_UNUSED_FUNCTION = YES;
				GCC_WARN_UNUSED_VARIABLE = YES;
				LOCALIZATION_PREFERS_STRING_CATALOGS = YES;
				MTL_ENABLE_DEBUG_INFO = INCLUDE_SOURCE;
				MTL_FAST_MATH = YES;
				ONLY_ACTIVE_ARCH = YES;
				SWIFT_ACTIVE_COMPILATION_CONDITIONS = "DEBUG $(inherited)";
				SWIFT_OPTIMIZATION_LEVEL = "-Onone";
			};
			name = Debug;
		};
		B23876962B20E77500982071 /* Release */ = {
			isa = XCBuildConfiguration;
			buildSettings = {
				ALWAYS_SEARCH_USER_PATHS = NO;
				ASSETCATALOG_COMPILER_GENERATE_SWIFT_ASSET_SYMBOL_EXTENSIONS = YES;
				CLANG_ANALYZER_NONNULL = YES;
				CLANG_ANALYZER_NUMBER_OBJECT_CONVERSION = YES_AGGRESSIVE;
				CLANG_CXX_LANGUAGE_STANDARD = "gnu++20";
				CLANG_ENABLE_MODULES = YES;
				CLANG_ENABLE_OBJC_ARC = YES;
				CLANG_ENABLE_OBJC_WEAK = YES;
				CLANG_WARN_BLOCK_CAPTURE_AUTORELEASING = YES;
				CLANG_WARN_BOOL_CONVERSION = YES;
				CLANG_WARN_COMMA = YES;
				CLANG_WARN_CONSTANT_CONVERSION = YES;
				CLANG_WARN_DEPRECATED_OBJC_IMPLEMENTATIONS = YES;
				CLANG_WARN_DIRECT_OBJC_ISA_USAGE = YES_ERROR;
				CLANG_WARN_DOCUMENTATION_COMMENTS = YES;
				CLANG_WARN_EMPTY_BODY = YES;
				CLANG_WARN_ENUM_CONVERSION = YES;
				CLANG_WARN_INFINITE_RECURSION = YES;
				CLANG_WARN_INT_CONVERSION = YES;
				CLANG_WARN_NON_LITERAL_NULL_CONVERSION = YES;
				CLANG_WARN_OBJC_IMPLICIT_RETAIN_SELF = YES;
				CLANG_WARN_OBJC_LITERAL_CONVERSION = YES;
				CLANG_WARN_OBJC_ROOT_CLASS = YES_ERROR;
				CLANG_WARN_QUOTED_INCLUDE_IN_FRAMEWORK_HEADER = YES;
				CLANG_WARN_RANGE_LOOP_ANALYSIS = YES;
				CLANG_WARN_STRICT_PROTOTYPES = YES;
				CLANG_WARN_SUSPICIOUS_MOVE = YES;
				CLANG_WARN_UNGUARDED_AVAILABILITY = YES_AGGRESSIVE;
				CLANG_WARN_UNREACHABLE_CODE = YES;
				CLANG_WARN__DUPLICATE_METHOD_MATCH = YES;
				COPY_PHASE_STRIP = NO;
				DEBUG_INFORMATION_FORMAT = "dwarf-with-dsym";
				ENABLE_NS_ASSERTIONS = NO;
				ENABLE_STRICT_OBJC_MSGSEND = YES;
				ENABLE_USER_SCRIPT_SANDBOXING = YES;
				GCC_C_LANGUAGE_STANDARD = gnu17;
				GCC_NO_COMMON_BLOCKS = YES;
				GCC_WARN_64_TO_32_BIT_CONVERSION = YES;
				GCC_WARN_ABOUT_RETURN_TYPE = YES_ERROR;
				GCC_WARN_UNDECLARED_SELECTOR = YES;
				GCC_WARN_UNINITIALIZED_AUTOS = YES_AGGRESSIVE;
				GCC_WARN_UNUSED_FUNCTION = YES;
				GCC_WARN_UNUSED_VARIABLE = YES;
				LOCALIZATION_PREFERS_STRING_CATALOGS = YES;
				MTL_ENABLE_DEBUG_INFO = NO;
				MTL_FAST_MATH = YES;
				SWIFT_COMPILATION_MODE = wholemodule;
			};
			name = Release;
		};
		B23876982B20E77500982071 /* Debug */ = {
			isa = XCBuildConfiguration;
			buildSettings = {
				ASSETCATALOG_COMPILER_APPICON_NAME = AppIcon;
				ASSETCATALOG_COMPILER_GLOBAL_ACCENT_COLOR_NAME = AccentColor;
				CODE_SIGN_ENTITLEMENTS = SurveyApp/SurveyApp.entitlements;
				CODE_SIGN_STYLE = Automatic;
				CURRENT_PROJECT_VERSION = 1;
				DEVELOPMENT_ASSET_PATHS = "\"SurveyApp/Preview Content\"";
				DEVELOPMENT_TEAM = 5S8LJM43C2;
				ENABLE_HARDENED_RUNTIME = YES;
				ENABLE_PREVIEWS = YES;
				GENERATE_INFOPLIST_FILE = YES;
				"INFOPLIST_KEY_UIApplicationSceneManifest_Generation[sdk=iphoneos*]" = YES;
				"INFOPLIST_KEY_UIApplicationSceneManifest_Generation[sdk=iphonesimulator*]" = YES;
				"INFOPLIST_KEY_UIApplicationSupportsIndirectInputEvents[sdk=iphoneos*]" = YES;
				"INFOPLIST_KEY_UIApplicationSupportsIndirectInputEvents[sdk=iphonesimulator*]" = YES;
				"INFOPLIST_KEY_UILaunchScreen_Generation[sdk=iphoneos*]" = YES;
				"INFOPLIST_KEY_UILaunchScreen_Generation[sdk=iphonesimulator*]" = YES;
				"INFOPLIST_KEY_UIStatusBarStyle[sdk=iphoneos*]" = UIStatusBarStyleDefault;
				"INFOPLIST_KEY_UIStatusBarStyle[sdk=iphonesimulator*]" = UIStatusBarStyleDefault;
				INFOPLIST_KEY_UISupportedInterfaceOrientations_iPad = "UIInterfaceOrientationPortrait UIInterfaceOrientationPortraitUpsideDown UIInterfaceOrientationLandscapeLeft UIInterfaceOrientationLandscapeRight";
				INFOPLIST_KEY_UISupportedInterfaceOrientations_iPhone = "UIInterfaceOrientationPortrait UIInterfaceOrientationLandscapeLeft UIInterfaceOrientationLandscapeRight";
				IPHONEOS_DEPLOYMENT_TARGET = 17.0;
				LD_RUNPATH_SEARCH_PATHS = "@executable_path/Frameworks";
				"LD_RUNPATH_SEARCH_PATHS[sdk=macosx*]" = "@executable_path/../Frameworks";
				MACOSX_DEPLOYMENT_TARGET = 14.1;
				MARKETING_VERSION = 1.0;
				PRODUCT_BUNDLE_IDENTIFIER = xmtest.dan.SurveyApp;
				PRODUCT_NAME = "$(TARGET_NAME)";
				SDKROOT = auto;
				SUPPORTED_PLATFORMS = "iphoneos iphonesimulator macosx";
				SWIFT_EMIT_LOC_STRINGS = YES;
				SWIFT_VERSION = 5.0;
				TARGETED_DEVICE_FAMILY = "1,2";
			};
			name = Debug;
		};
		B23876992B20E77500982071 /* Release */ = {
			isa = XCBuildConfiguration;
			buildSettings = {
				ASSETCATALOG_COMPILER_APPICON_NAME = AppIcon;
				ASSETCATALOG_COMPILER_GLOBAL_ACCENT_COLOR_NAME = AccentColor;
				CODE_SIGN_ENTITLEMENTS = SurveyApp/SurveyApp.entitlements;
				CODE_SIGN_STYLE = Automatic;
				CURRENT_PROJECT_VERSION = 1;
				DEVELOPMENT_ASSET_PATHS = "\"SurveyApp/Preview Content\"";
				DEVELOPMENT_TEAM = 5S8LJM43C2;
				ENABLE_HARDENED_RUNTIME = YES;
				ENABLE_PREVIEWS = YES;
				GENERATE_INFOPLIST_FILE = YES;
				"INFOPLIST_KEY_UIApplicationSceneManifest_Generation[sdk=iphoneos*]" = YES;
				"INFOPLIST_KEY_UIApplicationSceneManifest_Generation[sdk=iphonesimulator*]" = YES;
				"INFOPLIST_KEY_UIApplicationSupportsIndirectInputEvents[sdk=iphoneos*]" = YES;
				"INFOPLIST_KEY_UIApplicationSupportsIndirectInputEvents[sdk=iphonesimulator*]" = YES;
				"INFOPLIST_KEY_UILaunchScreen_Generation[sdk=iphoneos*]" = YES;
				"INFOPLIST_KEY_UILaunchScreen_Generation[sdk=iphonesimulator*]" = YES;
				"INFOPLIST_KEY_UIStatusBarStyle[sdk=iphoneos*]" = UIStatusBarStyleDefault;
				"INFOPLIST_KEY_UIStatusBarStyle[sdk=iphonesimulator*]" = UIStatusBarStyleDefault;
				INFOPLIST_KEY_UISupportedInterfaceOrientations_iPad = "UIInterfaceOrientationPortrait UIInterfaceOrientationPortraitUpsideDown UIInterfaceOrientationLandscapeLeft UIInterfaceOrientationLandscapeRight";
				INFOPLIST_KEY_UISupportedInterfaceOrientations_iPhone = "UIInterfaceOrientationPortrait UIInterfaceOrientationLandscapeLeft UIInterfaceOrientationLandscapeRight";
				IPHONEOS_DEPLOYMENT_TARGET = 17.0;
				LD_RUNPATH_SEARCH_PATHS = "@executable_path/Frameworks";
				"LD_RUNPATH_SEARCH_PATHS[sdk=macosx*]" = "@executable_path/../Frameworks";
				MACOSX_DEPLOYMENT_TARGET = 14.1;
				MARKETING_VERSION = 1.0;
				PRODUCT_BUNDLE_IDENTIFIER = xmtest.dan.SurveyApp;
				PRODUCT_NAME = "$(TARGET_NAME)";
				SDKROOT = auto;
				SUPPORTED_PLATFORMS = "iphoneos iphonesimulator macosx";
				SWIFT_EMIT_LOC_STRINGS = YES;
				SWIFT_VERSION = 5.0;
				TARGETED_DEVICE_FAMILY = "1,2";
			};
			name = Release;
		};
		B238769B2B20E77500982071 /* Debug */ = {
			isa = XCBuildConfiguration;
			buildSettings = {
				ALWAYS_EMBED_SWIFT_STANDARD_LIBRARIES = YES;
				BUNDLE_LOADER = "$(TEST_HOST)";
				CODE_SIGN_STYLE = Automatic;
				CURRENT_PROJECT_VERSION = 1;
				DEVELOPMENT_TEAM = 5S8LJM43C2;
				GENERATE_INFOPLIST_FILE = YES;
				IPHONEOS_DEPLOYMENT_TARGET = 17.2;
				MACOSX_DEPLOYMENT_TARGET = 14.1;
				MARKETING_VERSION = 1.0;
				PRODUCT_BUNDLE_IDENTIFIER = xmtest.dan.SurveyAppTests;
				PRODUCT_NAME = "$(TARGET_NAME)";
				SDKROOT = auto;
				SUPPORTED_PLATFORMS = "iphoneos iphonesimulator macosx";
				SWIFT_EMIT_LOC_STRINGS = NO;
				SWIFT_VERSION = 5.0;
				TARGETED_DEVICE_FAMILY = "1,2";
				TEST_HOST = "$(BUILT_PRODUCTS_DIR)/SurveyApp.app/$(BUNDLE_EXECUTABLE_FOLDER_PATH)/SurveyApp";
			};
			name = Debug;
		};
		B238769C2B20E77500982071 /* Release */ = {
			isa = XCBuildConfiguration;
			buildSettings = {
				ALWAYS_EMBED_SWIFT_STANDARD_LIBRARIES = YES;
				BUNDLE_LOADER = "$(TEST_HOST)";
				CODE_SIGN_STYLE = Automatic;
				CURRENT_PROJECT_VERSION = 1;
				DEVELOPMENT_TEAM = 5S8LJM43C2;
				GENERATE_INFOPLIST_FILE = YES;
				IPHONEOS_DEPLOYMENT_TARGET = 17.2;
				MACOSX_DEPLOYMENT_TARGET = 14.1;
				MARKETING_VERSION = 1.0;
				PRODUCT_BUNDLE_IDENTIFIER = xmtest.dan.SurveyAppTests;
				PRODUCT_NAME = "$(TARGET_NAME)";
				SDKROOT = auto;
				SUPPORTED_PLATFORMS = "iphoneos iphonesimulator macosx";
				SWIFT_EMIT_LOC_STRINGS = NO;
				SWIFT_VERSION = 5.0;
				TARGETED_DEVICE_FAMILY = "1,2";
				TEST_HOST = "$(BUILT_PRODUCTS_DIR)/SurveyApp.app/$(BUNDLE_EXECUTABLE_FOLDER_PATH)/SurveyApp";
			};
			name = Release;
		};
		B238769E2B20E77500982071 /* Debug */ = {
			isa = XCBuildConfiguration;
			buildSettings = {
				ALWAYS_EMBED_SWIFT_STANDARD_LIBRARIES = YES;
				CODE_SIGN_STYLE = Automatic;
				CURRENT_PROJECT_VERSION = 1;
				DEVELOPMENT_TEAM = 5S8LJM43C2;
				GENERATE_INFOPLIST_FILE = YES;
				IPHONEOS_DEPLOYMENT_TARGET = 17.2;
				MACOSX_DEPLOYMENT_TARGET = 14.1;
				MARKETING_VERSION = 1.0;
				PRODUCT_BUNDLE_IDENTIFIER = xmtest.dan.SurveyAppUITests;
				PRODUCT_NAME = "$(TARGET_NAME)";
				SDKROOT = auto;
				SUPPORTED_PLATFORMS = "iphoneos iphonesimulator macosx";
				SWIFT_EMIT_LOC_STRINGS = NO;
				SWIFT_VERSION = 5.0;
				TARGETED_DEVICE_FAMILY = "1,2";
				TEST_TARGET_NAME = SurveyApp;
			};
			name = Debug;
		};
		B238769F2B20E77500982071 /* Release */ = {
			isa = XCBuildConfiguration;
			buildSettings = {
				ALWAYS_EMBED_SWIFT_STANDARD_LIBRARIES = YES;
				CODE_SIGN_STYLE = Automatic;
				CURRENT_PROJECT_VERSION = 1;
				DEVELOPMENT_TEAM = 5S8LJM43C2;
				GENERATE_INFOPLIST_FILE = YES;
				IPHONEOS_DEPLOYMENT_TARGET = 17.2;
				MACOSX_DEPLOYMENT_TARGET = 14.1;
				MARKETING_VERSION = 1.0;
				PRODUCT_BUNDLE_IDENTIFIER = xmtest.dan.SurveyAppUITests;
				PRODUCT_NAME = "$(TARGET_NAME)";
				SDKROOT = auto;
				SUPPORTED_PLATFORMS = "iphoneos iphonesimulator macosx";
				SWIFT_EMIT_LOC_STRINGS = NO;
				SWIFT_VERSION = 5.0;
				TARGETED_DEVICE_FAMILY = "1,2";
				TEST_TARGET_NAME = SurveyApp;
			};
			name = Release;
		};
/* End XCBuildConfiguration section */

/* Begin XCConfigurationList section */
		B238766D2B20E77300982071 /* Build configuration list for PBXProject "SurveyApp" */ = {
			isa = XCConfigurationList;
			buildConfigurations = (
				B23876952B20E77500982071 /* Debug */,
				B23876962B20E77500982071 /* Release */,
			);
			defaultConfigurationIsVisible = 0;
			defaultConfigurationName = Release;
		};
		B23876972B20E77500982071 /* Build configuration list for PBXNativeTarget "SurveyApp" */ = {
			isa = XCConfigurationList;
			buildConfigurations = (
				B23876982B20E77500982071 /* Debug */,
				B23876992B20E77500982071 /* Release */,
			);
			defaultConfigurationIsVisible = 0;
			defaultConfigurationName = Release;
		};
		B238769A2B20E77500982071 /* Build configuration list for PBXNativeTarget "SurveyAppTests" */ = {
			isa = XCConfigurationList;
			buildConfigurations = (
				B238769B2B20E77500982071 /* Debug */,
				B238769C2B20E77500982071 /* Release */,
			);
			defaultConfigurationIsVisible = 0;
			defaultConfigurationName = Release;
		};
		B238769D2B20E77500982071 /* Build configuration list for PBXNativeTarget "SurveyAppUITests" */ = {
			isa = XCConfigurationList;
			buildConfigurations = (
				B238769E2B20E77500982071 /* Debug */,
				B238769F2B20E77500982071 /* Release */,
			);
			defaultConfigurationIsVisible = 0;
			defaultConfigurationName = Release;
		};
/* End XCConfigurationList section */
	};
	rootObject = B238766A2B20E77300982071 /* Project object */;
}
